
Microsoft Visual Studio Solution File, Format Version 12.00
Project("{FAE04EC0-301F-11D3-BF4B-00C04F79EFBC}") = "KShell", "KShell\KShell.csproj", "{B640AA61-EBDF-491E-BE2D-70D4AFEF72A6}"
EndProject
Global
	GlobalSection(SolutionConfigurationPlatforms) = preSolution
		Debug|Any CPU = Debug|Any CPU
		Release|Any CPU = Release|Any CPU
	EndGlobalSection
	GlobalSection(ProjectConfigurationPlatforms) = postSolution
		{B640AA61-EBDF-491E-BE2D-70D4AFEF72A6}.Debug|Any CPU.ActiveCfg = Debug|Any CPU
		{B640AA61-EBDF-491E-BE2D-70D4AFEF72A6}.Debug|Any CPU.Build.0 = Debug|Any CPU
		{B640AA61-EBDF-491E-BE2D-70D4AFEF72A6}.Release|Any CPU.ActiveCfg = Release|Any CPU
		{B640AA61-EBDF-491E-BE2D-70D4AFEF72A6}.Release|Any CPU.Build.0 = Release|Any CPU
	EndGlobalSection
EndGlobal
